Microsoft Visual Studio Solution File, Format Version 11.00
# Visual Studio 2008

Project("{46672FD4-D374-1AC5-1723-AE724AA6D41D}") = "Warforged", "Assembly-CSharp.csproj", "{C0BD705A-D853-9591-4A37-A9596CF719A1}"
EndProject
Global
	GlobalSection(SolutionConfigurationPlatforms) = preSolution
		Debug|Any CPU = Debug|Any CPU
		Release|Any CPU = Release|Any CPU
	EndGlobalSection
	GlobalSection(ProjectConfigurationPlatforms) = postSolution
		{C0BD705A-D853-9591-4A37-A9596CF719A1}.Debug|Any CPU.ActiveCfg = Debug|Any CPU
		{C0BD705A-D853-9591-4A37-A9596CF719A1}.Debug|Any CPU.Build.0 = Debug|Any CPU
		{C0BD705A-D853-9591-4A37-A9596CF719A1}.Release|Any CPU.ActiveCfg = Release|Any CPU
		{C0BD705A-D853-9591-4A37-A9596CF719A1}.Release|Any CPU.Build.0 = Release|Any CPU
	EndGlobalSection
	GlobalSection(SolutionProperties) = preSolution
		HideSolutionNode = FALSE
	EndGlobalSection
	GlobalSection(MonoDevelopProperties) = preSolution
		StartupItem = Assembly-CSharp.csproj
	EndGlobalSection
EndGlobal
